
Microsoft Visual Studio Solution File, Format Version 12.00
# Visual Studio Version 16
VisualStudioVersion = 16.0.29020.237
MinimumVisualStudioVersion = 10.0.40219.1
Project("{FAE04EC0-301F-11D3-BF4B-00C04F79EFBC}") = "SampleApplicationforcicdpipeline", "SampleApplicationforcicdpipeline\SampleApplicationforcicdpipeline.csproj", "{A8D16804-1113-462B-8BAC-4DB4FD20B94E}"
EndProject
Global
	GlobalSection(SolutionConfigurationPlatforms) = preSolution
		Debug|Any CPU = Debug|Any CPU
		Release|Any CPU = Release|Any CPU
	EndGlobalSection
	GlobalSection(ProjectConfigurationPlatforms) = postSolution
		{A8D16804-1113-462B-8BAC-4DB4FD20B94E}.Debug|Any CPU.ActiveCfg = Debug|Any CPU
		{A8D16804-1113-462B-8BAC-4DB4FD20B94E}.Debug|Any CPU.Build.0 = Debug|Any CPU
		{A8D16804-1113-462B-8BAC-4DB4FD20B94E}.Release|Any CPU.ActiveCfg = Release|Any CPU
		{A8D16804-1113-462B-8BAC-4DB4FD20B94E}.Release|Any CPU.Build.0 = Release|Any CPU
	EndGlobalSection
	GlobalSection(SolutionProperties) = preSolution
		HideSolutionNode = FALSE
	EndGlobalSection
	GlobalSection(ExtensibilityGlobals) = postSolution
		SolutionGuid = {8DB306DA-B46E-43A1-81B0-4BC488834A2E}
	EndGlobalSection
EndGlobal
